
Microsoft Visual Studio Solution File, Format Version 12.00
# Visual Studio 15
VisualStudioVersion = 15.0.28307.539
MinimumVisualStudioVersion = 10.0.40219.1
Project("{FAE04EC0-301F-11D3-BF4B-00C04F79EFBC}") = "Mosaic4Atsumori", "Mosaic4Atsumori\Mosaic4Atsumori.csproj", "{6CB0C1E6-E10C-494F-96CC-C007EE6A71F5}"
EndProject
Global
	GlobalSection(SolutionConfigurationPlatforms) = preSolution
		Debug|Any CPU = Debug|Any CPU
		Release|Any CPU = Release|Any CPU
	EndGlobalSection
	GlobalSection(ProjectConfigurationPlatforms) = postSolution
		{6CB0C1E6-E10C-494F-96CC-C007EE6A71F5}.Debug|Any CPU.ActiveCfg = Debug|Any CPU
		{6CB0C1E6-E10C-494F-96CC-C007EE6A71F5}.Debug|Any CPU.Build.0 = Debug|Any CPU
		{6CB0C1E6-E10C-494F-96CC-C007EE6A71F5}.Release|Any CPU.ActiveCfg = Release|Any CPU
		{6CB0C1E6-E10C-494F-96CC-C007EE6A71F5}.Release|Any CPU.Build.0 = Release|Any CPU
	EndGlobalSection
	GlobalSection(SolutionProperties) = preSolution
		HideSolutionNode = FALSE
	EndGlobalSection
	GlobalSection(ExtensibilityGlobals) = postSolution
		SolutionGuid = {E070FE8E-D007-4C66-8213-18346EC0EBBB}
	EndGlobalSection
EndGlobal
